#MicroXplorer Configuration settings - do not modify
Mcu.Family=STM32F1
ProjectManager.MainLocation=Core/Src
RCC.MCOFreq_Value=36000000
ProjectManager.ProjectFileName=3-phase.ioc
PD1-OSC_OUT.Mode=HSE-External-Oscillator
ProjectManager.KeepUserCode=true
Mcu.UserName=STM32F103C8Tx
Mcu.PinsNb=12
ProjectManager.NoMain=false
TIM1.IPParameters=Channel-PWM Generation3 CH3 CH3N,Channel-Forced Output2 CH2 CH2N,Channel-Forced Output1 CH1 CH1N
RCC.PLLCLKFreq_Value=36000000
ProjectManager.functionlistsort=1-MX_GPIO_Init-GPIO-false-LL-true,2-SystemClock_Config-RCC-false-LL-false,3-MX_TIM1_Init-TIM1-false-LL-true
RCC.ADCFreqValue=18000000
ProjectManager.DefaultFWLocation=false
PD0-OSC_IN.Signal=RCC_OSC_IN
ProjectManager.DeletePrevious=true
SH.S_TIM1_CH3.ConfNb=1
SH.S_TIM1_CH1.ConfNb=1
RCC.APB1CLKDivider=RCC_HCLK_DIV2
PB13.Signal=TIM1_CH1N
PB15.Signal=TIM1_CH3N
PinOutPanel.RotationAngle=0
RCC.FamilyName=M
RCC.SYSCLKSource=RCC_SYSCLKSOURCE_PLLCLK
ProjectManager.StackSize=0x400
PD1-OSC_OUT.Signal=RCC_OSC_OUT
PA13.Signal=SYS_JTMS-SWDIO
RCC.FCLKCortexFreq_Value=36000000
Mcu.IP2=SYS
NVIC.SVCall_IRQn=true\:0\:0\:false\:false\:true\:false\:false
Mcu.IP3=TIM1
Mcu.IP0=NVIC
Mcu.IP1=RCC
SH.S_TIM1_CH1.0=TIM1_CH1,Forced Output1 CH1 CH1N
Mcu.UserConstants=pwmHigh,400;pwmPrescaler,0;timerHigh,512;deadTime,10
ProjectManager.TargetToolchain=Makefile
TIM1.Channel-Forced\ Output2\ CH2\ CH2N=TIM_CHANNEL_2
Mcu.ThirdPartyNb=0
RCC.HCLKFreq_Value=36000000
Mcu.IPNb=4
ProjectManager.PreviousToolchain=
RCC.APB2TimFreq_Value=36000000
PA9.Signal=S_TIM1_CH2
VP_TIM1_VS_ClockSourceINT.Signal=TIM1_VS_ClockSourceINT
TIM1.Channel-PWM\ Generation3\ CH3\ CH3N=TIM_CHANNEL_3
Mcu.Pin6=PA9
Mcu.Pin7=PA10
ProjectManager.RegisterCallBack=
Mcu.Pin8=PA13
RCC.USBFreq_Value=36000000
Mcu.Pin9=PA14
RCC.AHBFreq_Value=36000000
TIM1.Channel-Forced\ Output1\ CH1\ CH1N=TIM_CHANNEL_1
PB13.Locked=true
Mcu.Pin0=PD0-OSC_IN
Mcu.Pin1=PD1-OSC_OUT
SH.S_TIM1_CH2.ConfNb=1
GPIO.groupedBy=Group By Peripherals
PD0-OSC_IN.Mode=HSE-External-Oscillator
Mcu.Pin2=PB13
Mcu.Pin3=PB14
Mcu.Pin4=PB15
PB14.Signal=TIM1_CH2N
Mcu.Pin5=PA8
ProjectManager.ProjectBuild=false
NVIC.UsageFault_IRQn=true\:0\:0\:false\:false\:true\:false\:false
NVIC.DebugMonitor_IRQn=true\:0\:0\:false\:false\:true\:false\:false
board=custom
NVIC.SysTick_IRQn=true\:0\:0\:false\:false\:true\:false\:true
ProjectManager.LastFirmware=false
RCC.PLLMUL=RCC_PLL_MUL9
PB15.Mode=PWM Generation3 CH3 CH3N
RCC.VCOOutput2Freq_Value=4000000
ProjectManager.FirmwarePackage=STM32Cube FW_F1 V1.8.0
MxDb.Version=DB.6.0.0
RCC.APB2Freq_Value=36000000
ProjectManager.BackupPrevious=false
MxCube.Version=6.0.1
SH.S_TIM1_CH2.0=TIM1_CH2,Forced Output2 CH2 CH2N
PA14.Mode=Serial_Wire
PB14.Mode=Forced Output2 CH2 CH2N
File.Version=6
VP_SYS_VS_Systick.Mode=SysTick
PA8.Signal=S_TIM1_CH1
NVIC.NonMaskableInt_IRQn=true\:0\:0\:false\:false\:true\:false\:false
NVIC.PendSV_IRQn=true\:0\:0\:false\:false\:true\:false\:false
PA13.Mode=Serial_Wire
ProjectManager.FreePins=false
RCC.IPParameters=ADCFreqValue,AHBFreq_Value,APB1CLKDivider,APB1Freq_Value,APB1TimFreq_Value,APB2Freq_Value,APB2TimFreq_Value,EnbaleCSS,FCLKCortexFreq_Value,FamilyName,HCLKFreq_Value,MCOFreq_Value,PLLCLKFreq_Value,PLLMCOFreq_Value,PLLMUL,SYSCLKFreq_VALUE,SYSCLKSource,TimSysFreq_Value,USBFreq_Value,VCOOutput2Freq_Value
ProjectManager.AskForMigrate=true
Mcu.Name=STM32F103C(8-B)Tx
ProjectManager.HalAssertFull=false
VP_TIM1_VS_ClockSourceINT.Mode=Internal
ProjectManager.ProjectName=3-phase
ProjectManager.UnderRoot=false
RCC.PLLMCOFreq_Value=18000000
ProjectManager.CoupleFile=true
RCC.SYSCLKFreq_VALUE=36000000
Mcu.Package=LQFP48
RCC.TimSysFreq_Value=36000000
NVIC.ForceEnableDMAVector=true
KeepUserPlacement=false
RCC.EnbaleCSS=true
NVIC.MemoryManagement_IRQn=true\:0\:0\:false\:false\:true\:false\:false
ProjectManager.CompilerOptimize=6
ProjectManager.ToolChainLocation=
VP_SYS_VS_Systick.Signal=SYS_VS_Systick
PA10.Signal=S_TIM1_CH3
PA14.Signal=SYS_JTCK-SWCLK
ProjectManager.HeapSize=0x200
NVIC.HardFault_IRQn=true\:0\:0\:false\:false\:true\:false\:false
SH.S_TIM1_CH3.0=TIM1_CH3,PWM Generation3 CH3 CH3N
ProjectManager.ComputerToolchain=false
NVIC.PriorityGroup=NVIC_PRIORITYGROUP_4
Mcu.Pin11=VP_TIM1_VS_ClockSourceINT
Mcu.Pin10=VP_SYS_VS_Systick
RCC.APB1TimFreq_Value=36000000
NVIC.BusFault_IRQn=true\:0\:0\:false\:false\:true\:false\:false
PB13.Mode=Forced Output1 CH1 CH1N
RCC.APB1Freq_Value=18000000
ProjectManager.CustomerFirmwarePackage=../../../../work/engik/STM32Cube/Repository/STM32Cube_FW_F1_V1.8.2
ProjectManager.DeviceId=STM32F103C8Tx
ProjectManager.LibraryCopy=1
